uuid: 839d4f0b-ac9a-4161-a730-bbe0ac80d643
langcode: en
status: true
dependencies:
  config:
    - core.entity_view_mode.node.info_block
    - field.field.node.venue.body
    - field.field.node.venue.field_active
    - field.field.node.venue.field_address
    - field.field.node.venue.field_claim_contact_email
    - field.field.node.venue.field_claim_status
    - field.field.node.venue.field_claimed_by
    - field.field.node.venue.field_claimed_listing
    - field.field.node.venue.field_cuisine
    - field.field.node.venue.field_image
    - field.field.node.venue.field_menu_url
    - field.field.node.venue.field_phone
    - field.field.node.venue.field_venue_type
    - field.field.node.venue.field_website
    - node.type.venue
  module:
    - address
    - link
    - user
id: node.venue.info_block
targetEntityType: node
bundle: venue
mode: info_block
content:
  field_address:
    type: address_default
    label: hidden
    settings: {  }
    third_party_settings: {  }
    weight: 0
    region: content
  field_cuisine:
    type: entity_reference_label
    label: hidden
    settings:
      link: true
    third_party_settings: {  }
    weight: 3
    region: content
  field_phone:
    type: string
    label: hidden
    settings:
      link_to_entity: false
    third_party_settings: {  }
    weight: 2
    region: content
  field_website:
    type: link_separate
    label: hidden
    settings:
      trim_length: 80
      url_only: false
      url_plain: false
      rel: '0'
      target: _blank
    third_party_settings: {  }
    weight: 1
    region: content
  links:
    settings: {  }
    third_party_settings: {  }
    weight: 4
    region: content
hidden:
  body: true
  field_active: true
  field_claim_contact_email: true
  field_claim_status: true
  field_claimed_by: true
  field_claimed_listing: true
  field_image: true
  field_menu_url: true
  field_venue_type: true
  langcode: true
  search_api_excerpt: true
